<?xml version="1.0" encoding="utf-8"?>
<Project ToolsVersion="4.0" xmlns="http://schemas.microsoft.com/developer/msbuild/2003">
  <ItemGroup>
    <Filter Include="Files">
      <UniqueIdentifier>{91667685-0d1a-4b56-bc72-0ac751258b37}</UniqueIdentifier>
    </Filter>
    <Filter Include="Files\Modules">
      <UniqueIdentifier>{e6e538f0-f470-43c7-8c69-7e98d0d62064}</UniqueIdentifier>
    </Filter>
    <Filter Include="Files\ImGUI">
      <UniqueIdentifier>{ec5f6167-532a-4045-9703-3c55f0cdcae2}</UniqueIdentifier>
    </Filter>
    <Filter Include="Files\MathGeoLib">
      <UniqueIdentifier>{fbe6e5a1-92b5-4e96-9544-3360dfb6c973}</UniqueIdentifier>
    </Filter>
    <Filter Include="Files\MathGeoLib\Algorithm">
      <UniqueIdentifier>{6eea496b-027c-4d1c-aa2e-df4c583b22c1}</UniqueIdentifier>
    </Filter>
    <Filter Include="Files\MathGeoLib\Time">
      <UniqueIdentifier>{83c65666-72f6-486a-aa34-a8a1983d38d8}</UniqueIdentifier>
    </Filter>
    <Filter Include="Files\MathGeoLib\Geometry">
      <UniqueIdentifier>{92be49c3-718b-4656-a044-5247c635a968}</UniqueIdentifier>
    </Filter>
    <Filter Include="Files\MathGeoLib\Math">
      <UniqueIdentifier>{343b3bab-5cb1-4cfd-baf5-e0518d10157e}</UniqueIdentifier>
    </Filter>
    <Filter Include="Files\MathGeoLib\Algorithm\Random">
      <UniqueIdentifier>{81818909-aaf3-4c10-ae12-e7114d71912a}</UniqueIdentifier>
    </Filter>
    <Filter Include="Files\Parson">
      <UniqueIdentifier>{4d393ecd-7976-46be-886e-d2e47f480f98}</UniqueIdentifier>
    </Filter>
    <Filter Include="Files\Resources">
      <UniqueIdentifier>{f5ba024a-0047-4146-80eb-41116b96e90c}</UniqueIdentifier>
    </Filter>
    <Filter Include="Files\GameObjects">
      <UniqueIdentifier>{e1bfbced-b97b-42e1-8377-d481a6911189}</UniqueIdentifier>
    </Filter>
    <Filter Include="Files\GameObjects\Propierties">
      <UniqueIdentifier>{6b87970a-5797-4f7f-9da4-1cd4a1db59ae}</UniqueIdentifier>
    </Filter>
    <Filter Include="Files\Tools">
      <UniqueIdentifier>{436c2ba0-6cce-42d2-b74a-7e18adede8b0}</UniqueIdentifier>
    </Filter>
  </ItemGroup>
  <ItemGroup>
    <ClCompile Include="Source\Application.cpp">
      <Filter>Files\Modules</Filter>
    </ClCompile>
    <ClCompile Include="Source\ModuleCamera3D.cpp">
      <Filter>Files\Modules</Filter>
    </ClCompile>
    <ClCompile Include="Source\ModuleInput.cpp">
      <Filter>Files\Modules</Filter>
    </ClCompile>
    <ClCompile Include="Source\ModulePhysics3D.cpp">
      <Filter>Files\Modules</Filter>
    </ClCompile>
    <ClCompile Include="Source\ModuleRenderer3D.cpp">
      <Filter>Files\Modules</Filter>
    </ClCompile>
    <ClCompile Include="Source\ModuleWindow.cpp">
      <Filter>Files\Modules</Filter>
    </ClCompile>
    <ClCompile Include="Source\External\ImGui\imgui.cpp">
      <Filter>Files\ImGUI</Filter>
    </ClCompile>
    <ClCompile Include="Source\External\ImGui\imgui_demo.cpp">
      <Filter>Files\ImGUI</Filter>
    </ClCompile>
    <ClCompile Include="Source\External\ImGui\imgui_draw.cpp">
      <Filter>Files\ImGUI</Filter>
    </ClCompile>
    <ClCompile Include="Source\External\ImGui\imgui_impl_opengl3.cpp">
      <Filter>Files\ImGUI</Filter>
    </ClCompile>
    <ClCompile Include="Source\External\ImGui\imgui_impl_sdl.cpp">
      <Filter>Files\ImGUI</Filter>
    </ClCompile>
    <ClCompile Include="Source\External\ImGui\imgui_tables.cpp">
      <Filter>Files\ImGUI</Filter>
    </ClCompile>
    <ClCompile Include="Source\External\ImGui\imgui_widgets.cpp">
      <Filter>Files\ImGUI</Filter>
    </ClCompile>
    <ClCompile Include="Source\External\MathGeoLib\include\Time\Clock.cpp">
      <Filter>Files\MathGeoLib\Time</Filter>
    </ClCompile>
    <ClCompile Include="Source\External\MathGeoLib\include\Math\BitOps.cpp">
      <Filter>Files\MathGeoLib\Math</Filter>
    </ClCompile>
    <ClCompile Include="Source\External\MathGeoLib\include\Math\float2.cpp">
      <Filter>Files\MathGeoLib\Math</Filter>
    </ClCompile>
    <ClCompile Include="Source\External\MathGeoLib\include\Math\float3.cpp">
      <Filter>Files\MathGeoLib\Math</Filter>
    </ClCompile>
    <ClCompile Include="Source\External\MathGeoLib\include\Math\float3x3.cpp">
      <Filter>Files\MathGeoLib\Math</Filter>
    </ClCompile>
    <ClCompile Include="Source\External\MathGeoLib\include\Math\float3x4.cpp">
      <Filter>Files\MathGeoLib\Math</Filter>
    </ClCompile>
    <ClCompile Include="Source\External\MathGeoLib\include\Math\float4.cpp">
      <Filter>Files\MathGeoLib\Math</Filter>
    </ClCompile>
    <ClCompile Include="Source\External\MathGeoLib\include\Math\float4x4.cpp">
      <Filter>Files\MathGeoLib\Math</Filter>
    </ClCompile>
    <ClCompile Include="Source\External\MathGeoLib\include\Math\MathFunc.cpp">
      <Filter>Files\MathGeoLib\Math</Filter>
    </ClCompile>
    <ClCompile Include="Source\External\MathGeoLib\include\Math\MathLog.cpp">
      <Filter>Files\MathGeoLib\Math</Filter>
    </ClCompile>
    <ClCompile Include="Source\External\MathGeoLib\include\Math\MathOps.cpp">
      <Filter>Files\MathGeoLib\Math</Filter>
    </ClCompile>
    <ClCompile Include="Source\External\MathGeoLib\include\Math\Polynomial.cpp">
      <Filter>Files\MathGeoLib\Math</Filter>
    </ClCompile>
    <ClCompile Include="Source\External\MathGeoLib\include\Math\Quat.cpp">
      <Filter>Files\MathGeoLib\Math</Filter>
    </ClCompile>
    <ClCompile Include="Source\External\MathGeoLib\include\Math\SSEMath.cpp">
      <Filter>Files\MathGeoLib\Math</Filter>
    </ClCompile>
    <ClCompile Include="Source\External\MathGeoLib\include\Math\TransformOps.cpp">
      <Filter>Files\MathGeoLib\Math</Filter>
    </ClCompile>
    <ClCompile Include="Source\External\MathGeoLib\include\Geometry\Plane.cpp">
      <Filter>Files\MathGeoLib\Geometry</Filter>
    </ClCompile>
    <ClCompile Include="Source\External\MathGeoLib\include\Geometry\Polygon.cpp">
      <Filter>Files\MathGeoLib\Geometry</Filter>
    </ClCompile>
    <ClCompile Include="Source\External\MathGeoLib\include\Geometry\Polyhedron.cpp">
      <Filter>Files\MathGeoLib\Geometry</Filter>
    </ClCompile>
    <ClCompile Include="Source\External\MathGeoLib\include\Geometry\Ray.cpp">
      <Filter>Files\MathGeoLib\Geometry</Filter>
    </ClCompile>
    <ClCompile Include="Source\External\MathGeoLib\include\Geometry\Sphere.cpp">
      <Filter>Files\MathGeoLib\Geometry</Filter>
    </ClCompile>
    <ClCompile Include="Source\External\MathGeoLib\include\Geometry\Triangle.cpp">
      <Filter>Files\MathGeoLib\Geometry</Filter>
    </ClCompile>
    <ClCompile Include="Source\External\MathGeoLib\include\Geometry\TriangleMesh.cpp">
      <Filter>Files\MathGeoLib\Geometry</Filter>
    </ClCompile>
    <ClCompile Include="Source\External\MathGeoLib\include\Geometry\AABB.cpp">
      <Filter>Files\MathGeoLib\Geometry</Filter>
    </ClCompile>
    <ClCompile Include="Source\External\MathGeoLib\include\Geometry\Capsule.cpp">
      <Filter>Files\MathGeoLib\Geometry</Filter>
    </ClCompile>
    <ClCompile Include="Source\External\MathGeoLib\include\Geometry\Circle.cpp">
      <Filter>Files\MathGeoLib\Geometry</Filter>
    </ClCompile>
    <ClCompile Include="Source\External\MathGeoLib\include\Geometry\Cone.cpp">
      <Filter>Files\MathGeoLib\Geometry</Filter>
    </ClCompile>
    <ClCompile Include="Source\External\MathGeoLib\include\Geometry\Cylinder.cpp">
      <Filter>Files\MathGeoLib\Geometry</Filter>
    </ClCompile>
    <ClCompile Include="Source\External\MathGeoLib\include\Geometry\Frustum.cpp">
      <Filter>Files\MathGeoLib\Geometry</Filter>
    </ClCompile>
    <ClCompile Include="Source\External\MathGeoLib\include\Geometry\Line.cpp">
      <Filter>Files\MathGeoLib\Geometry</Filter>
    </ClCompile>
    <ClCompile Include="Source\External\MathGeoLib\include\Geometry\LineSegment.cpp">
      <Filter>Files\MathGeoLib\Geometry</Filter>
    </ClCompile>
    <ClCompile Include="Source\External\MathGeoLib\include\Geometry\OBB.cpp">
      <Filter>Files\MathGeoLib\Geometry</Filter>
    </ClCompile>
    <ClCompile Include="Source\External\MathGeoLib\include\Algorithm\Random\LCG.cpp">
      <Filter>Files\MathGeoLib\Algorithm\Random</Filter>
    </ClCompile>
    <ClCompile Include="Source\External\parson\parson.c">
      <Filter>Files\Parson</Filter>
    </ClCompile>
    <ClCompile Include="Source\ModuleScene.cpp">
      <Filter>Files\Modules</Filter>
    </ClCompile>
    <ClCompile Include="Source\ModuleEditor.cpp">
      <Filter>Files\Modules</Filter>
    </ClCompile>
    <ClCompile Include="Source\ModuleImport.cpp">
      <Filter>Files\Modules</Filter>
    </ClCompile>
    <ClCompile Include="Source\MeshData.cpp">
      <Filter>Files\Resources</Filter>
    </ClCompile>
    <ClCompile Include="Source\ModelData.cpp">
      <Filter>Files\Resources</Filter>
    </ClCompile>
    <ClCompile Include="Source\MaterialData.cpp">
      <Filter>Files\Resources</Filter>
    </ClCompile>
    <ClCompile Include="Source\CMaterial.cpp">
      <Filter>Files\GameObjects\Propierties</Filter>
    </ClCompile>
    <ClCompile Include="Source\CMeshes.cpp">
      <Filter>Files\GameObjects\Propierties</Filter>
    </ClCompile>
    <ClCompile Include="Source\CTransform.cpp">
      <Filter>Files\GameObjects\Propierties</Filter>
    </ClCompile>
    <ClCompile Include="Source\Component.cpp">
      <Filter>Files\GameObjects</Filter>
    </ClCompile>
    <ClCompile Include="Source\GameObject.cpp">
      <Filter>Files\GameObjects</Filter>
    </ClCompile>
    <ClCompile Include="Source\Color.cpp">
      <Filter>Files\Tools</Filter>
    </ClCompile>
    <ClCompile Include="Source\glmath.cpp">
      <Filter>Files\Tools</Filter>
    </ClCompile>
    <ClCompile Include="Source\Light.cpp">
      <Filter>Files\Tools</Filter>
    </ClCompile>
    <ClCompile Include="Source\log.cpp">
      <Filter>Files\Tools</Filter>
    </ClCompile>
    <ClCompile Include="Source\Main.cpp">
      <Filter>Files\Tools</Filter>
    </ClCompile>
    <ClCompile Include="Source\Primitive.cpp">
      <Filter>Files\Tools</Filter>
    </ClCompile>
    <ClCompile Include="Source\Timer.cpp">
      <Filter>Files\Tools</Filter>
    </ClCompile>
  </ItemGroup>
  <ItemGroup>
    <ClInclude Include="Source\Application.h">
      <Filter>Files\Modules</Filter>
    </ClInclude>
    <ClInclude Include="Source\Module.h">
      <Filter>Files\Modules</Filter>
    </ClInclude>
    <ClInclude Include="Source\ModuleCamera3D.h">
      <Filter>Files\Modules</Filter>
    </ClInclude>
    <ClInclude Include="Source\ModuleInput.h">
      <Filter>Files\Modules</Filter>
    </ClInclude>
    <ClInclude Include="Source\ModulePhysics3D.h">
      <Filter>Files\Modules</Filter>
    </ClInclude>
    <ClInclude Include="Source\ModuleRenderer3D.h">
      <Filter>Files\Modules</Filter>
    </ClInclude>
    <ClInclude Include="Source\ModuleWindow.h">
      <Filter>Files\Modules</Filter>
    </ClInclude>
    <ClInclude Include="Source\External\ImGui\imconfig.h">
      <Filter>Files\ImGUI</Filter>
    </ClInclude>
    <ClInclude Include="Source\External\ImGui\imgui.h">
      <Filter>Files\ImGUI</Filter>
    </ClInclude>
    <ClInclude Include="Source\External\ImGui\imgui_impl_opengl3.h">
      <Filter>Files\ImGUI</Filter>
    </ClInclude>
    <ClInclude Include="Source\External\ImGui\imgui_impl_opengl3_loader.h">
      <Filter>Files\ImGUI</Filter>
    </ClInclude>
    <ClInclude Include="Source\External\ImGui\imgui_impl_sdl.h">
      <Filter>Files\ImGUI</Filter>
    </ClInclude>
    <ClInclude Include="Source\External\ImGui\imgui_internal.h">
      <Filter>Files\ImGUI</Filter>
    </ClInclude>
    <ClInclude Include="Source\External\ImGui\imstb_rectpack.h">
      <Filter>Files\ImGUI</Filter>
    </ClInclude>
    <ClInclude Include="Source\External\ImGui\imstb_textedit.h">
      <Filter>Files\ImGUI</Filter>
    </ClInclude>
    <ClInclude Include="Source\External\ImGui\imstb_truetype.h">
      <Filter>Files\ImGUI</Filter>
    </ClInclude>
    <ClInclude Include="Source\External\MathGeoLib\include\MathBuildConfig.h">
      <Filter>Files\MathGeoLib</Filter>
    </ClInclude>
    <ClInclude Include="Source\External\MathGeoLib\include\MathGeoLib.h">
      <Filter>Files\MathGeoLib</Filter>
    </ClInclude>
    <ClInclude Include="Source\External\MathGeoLib\include\MathGeoLibFwd.h">
      <Filter>Files\MathGeoLib</Filter>
    </ClInclude>
    <ClInclude Include="Source\External\MathGeoLib\include\Time\Clock.h">
      <Filter>Files\MathGeoLib\Time</Filter>
    </ClInclude>
    <ClInclude Include="Source\External\MathGeoLib\include\Math\TransformOps.h">
      <Filter>Files\MathGeoLib\Math</Filter>
    </ClInclude>
    <ClInclude Include="Source\External\MathGeoLib\include\Math\assume.h">
      <Filter>Files\MathGeoLib\Math</Filter>
    </ClInclude>
    <ClInclude Include="Source\External\MathGeoLib\include\Math\BitOps.h">
      <Filter>Files\MathGeoLib\Math</Filter>
    </ClInclude>
    <ClInclude Include="Source\External\MathGeoLib\include\Math\Complex.h">
      <Filter>Files\MathGeoLib\Math</Filter>
    </ClInclude>
    <ClInclude Include="Source\External\MathGeoLib\include\Math\CoordinateAxisConvention.h">
      <Filter>Files\MathGeoLib\Math</Filter>
    </ClInclude>
    <ClInclude Include="Source\External\MathGeoLib\include\Math\FixedPoint.h">
      <Filter>Files\MathGeoLib\Math</Filter>
    </ClInclude>
    <ClInclude Include="Source\External\MathGeoLib\include\Math\float2.h">
      <Filter>Files\MathGeoLib\Math</Filter>
    </ClInclude>
    <ClInclude Include="Source\External\MathGeoLib\include\Math\float3.h">
      <Filter>Files\MathGeoLib\Math</Filter>
    </ClInclude>
    <ClInclude Include="Source\External\MathGeoLib\include\Math\float3x3.h">
      <Filter>Files\MathGeoLib\Math</Filter>
    </ClInclude>
    <ClInclude Include="Source\External\MathGeoLib\include\Math\float3x4.h">
      <Filter>Files\MathGeoLib\Math</Filter>
    </ClInclude>
    <ClInclude Include="Source\External\MathGeoLib\include\Math\float4.h">
      <Filter>Files\MathGeoLib\Math</Filter>
    </ClInclude>
    <ClInclude Include="Source\External\MathGeoLib\include\Math\float4_neon.h">
      <Filter>Files\MathGeoLib\Math</Filter>
    </ClInclude>
    <ClInclude Include="Source\External\MathGeoLib\include\Math\float4_sse.h">
      <Filter>Files\MathGeoLib\Math</Filter>
    </ClInclude>
    <ClInclude Include="Source\External\MathGeoLib\include\Math\float4x4.h">
      <Filter>Files\MathGeoLib\Math</Filter>
    </ClInclude>
    <ClInclude Include="Source\External\MathGeoLib\include\Math\float4x4_neon.h">
      <Filter>Files\MathGeoLib\Math</Filter>
    </ClInclude>
    <ClInclude Include="Source\External\MathGeoLib\include\Math\float4x4_sse.h">
      <Filter>Files\MathGeoLib\Math</Filter>
    </ClInclude>
    <ClInclude Include="Source\External\MathGeoLib\include\Math\FloatCmp.h">
      <Filter>Files\MathGeoLib\Math</Filter>
    </ClInclude>
    <ClInclude Include="Source\External\MathGeoLib\include\Math\MathAll.h">
      <Filter>Files\MathGeoLib\Math</Filter>
    </ClInclude>
    <ClInclude Include="Source\External\MathGeoLib\include\Math\MathConstants.h">
      <Filter>Files\MathGeoLib\Math</Filter>
    </ClInclude>
    <ClInclude Include="Source\External\MathGeoLib\include\Math\MathFunc.h">
      <Filter>Files\MathGeoLib\Math</Filter>
    </ClInclude>
    <ClInclude Include="Source\External\MathGeoLib\include\Math\MathLog.h">
      <Filter>Files\MathGeoLib\Math</Filter>
    </ClInclude>
    <ClInclude Include="Source\External\MathGeoLib\include\Math\MathNamespace.h">
      <Filter>Files\MathGeoLib\Math</Filter>
    </ClInclude>
    <ClInclude Include="Source\External\MathGeoLib\include\Math\MathTypes.h">
      <Filter>Files\MathGeoLib\Math</Filter>
    </ClInclude>
    <ClInclude Include="Source\External\MathGeoLib\include\Math\MatrixProxy.h">
      <Filter>Files\MathGeoLib\Math</Filter>
    </ClInclude>
    <ClInclude Include="Source\External\MathGeoLib\include\Math\myassert.h">
      <Filter>Files\MathGeoLib\Math</Filter>
    </ClInclude>
    <ClInclude Include="Source\External\MathGeoLib\include\Math\Polynomial.h">
      <Filter>Files\MathGeoLib\Math</Filter>
    </ClInclude>
    <ClInclude Include="Source\External\MathGeoLib\include\Math\Quat.h">
      <Filter>Files\MathGeoLib\Math</Filter>
    </ClInclude>
    <ClInclude Include="Source\External\MathGeoLib\include\Math\quat_simd.h">
      <Filter>Files\MathGeoLib\Math</Filter>
    </ClInclude>
    <ClInclude Include="Source\External\MathGeoLib\include\Math\Rect.h">
      <Filter>Files\MathGeoLib\Math</Filter>
    </ClInclude>
    <ClInclude Include="Source\External\MathGeoLib\include\Math\Reinterpret.h">
      <Filter>Files\MathGeoLib\Math</Filter>
    </ClInclude>
    <ClInclude Include="Source\External\MathGeoLib\include\Math\sse_mathfun.h">
      <Filter>Files\MathGeoLib\Math</Filter>
    </ClInclude>
    <ClInclude Include="Source\External\MathGeoLib\include\Math\SSEMath.h">
      <Filter>Files\MathGeoLib\Math</Filter>
    </ClInclude>
    <ClInclude Include="Source\External\MathGeoLib\include\Geometry\PBVolume.h">
      <Filter>Files\MathGeoLib\Geometry</Filter>
    </ClInclude>
    <ClInclude Include="Source\External\MathGeoLib\include\Geometry\Plane.h">
      <Filter>Files\MathGeoLib\Geometry</Filter>
    </ClInclude>
    <ClInclude Include="Source\External\MathGeoLib\include\Geometry\Polygon.h">
      <Filter>Files\MathGeoLib\Geometry</Filter>
    </ClInclude>
    <ClInclude Include="Source\External\MathGeoLib\include\Geometry\Polyhedron.h">
      <Filter>Files\MathGeoLib\Geometry</Filter>
    </ClInclude>
    <ClInclude Include="Source\External\MathGeoLib\include\Geometry\QuadTree.h">
      <Filter>Files\MathGeoLib\Geometry</Filter>
    </ClInclude>
    <ClInclude Include="Source\External\MathGeoLib\include\Geometry\Ray.h">
      <Filter>Files\MathGeoLib\Geometry</Filter>
    </ClInclude>
    <ClInclude Include="Source\External\MathGeoLib\include\Geometry\Sphere.h">
      <Filter>Files\MathGeoLib\Geometry</Filter>
    </ClInclude>
    <ClInclude Include="Source\External\MathGeoLib\include\Geometry\Triangle.h">
      <Filter>Files\MathGeoLib\Geometry</Filter>
    </ClInclude>
    <ClInclude Include="Source\External\MathGeoLib\include\Geometry\TriangleMesh.h">
      <Filter>Files\MathGeoLib\Geometry</Filter>
    </ClInclude>
    <ClInclude Include="Source\External\MathGeoLib\include\Geometry\AABB.h">
      <Filter>Files\MathGeoLib\Geometry</Filter>
    </ClInclude>
    <ClInclude Include="Source\External\MathGeoLib\include\Geometry\AABB2D.h">
      <Filter>Files\MathGeoLib\Geometry</Filter>
    </ClInclude>
    <ClInclude Include="Source\External\MathGeoLib\include\Geometry\Capsule.h">
      <Filter>Files\MathGeoLib\Geometry</Filter>
    </ClInclude>
    <ClInclude Include="Source\External\MathGeoLib\include\Geometry\Circle.h">
      <Filter>Files\MathGeoLib\Geometry</Filter>
    </ClInclude>
    <ClInclude Include="Source\External\MathGeoLib\include\Geometry\Cone.h">
      <Filter>Files\MathGeoLib\Geometry</Filter>
    </ClInclude>
    <ClInclude Include="Source\External\MathGeoLib\include\Geometry\Cylinder.h">
      <Filter>Files\MathGeoLib\Geometry</Filter>
    </ClInclude>
    <ClInclude Include="Source\External\MathGeoLib\include\Geometry\Frustum.h">
      <Filter>Files\MathGeoLib\Geometry</Filter>
    </ClInclude>
    <ClInclude Include="Source\External\MathGeoLib\include\Geometry\GeometryAll.h">
      <Filter>Files\MathGeoLib\Geometry</Filter>
    </ClInclude>
    <ClInclude Include="Source\External\MathGeoLib\include\Geometry\GeomType.h">
      <Filter>Files\MathGeoLib\Geometry</Filter>
    </ClInclude>
    <ClInclude Include="Source\External\MathGeoLib\include\Geometry\HitInfo.h">
      <Filter>Files\MathGeoLib\Geometry</Filter>
    </ClInclude>
    <ClInclude Include="Source\External\MathGeoLib\include\Geometry\KDTree.h">
      <Filter>Files\MathGeoLib\Geometry</Filter>
    </ClInclude>
    <ClInclude Include="Source\External\MathGeoLib\include\Geometry\Line.h">
      <Filter>Files\MathGeoLib\Geometry</Filter>
    </ClInclude>
    <ClInclude Include="Source\External\MathGeoLib\include\Geometry\LineSegment.h">
      <Filter>Files\MathGeoLib\Geometry</Filter>
    </ClInclude>
    <ClInclude Include="Source\External\MathGeoLib\include\Geometry\OBB.h">
      <Filter>Files\MathGeoLib\Geometry</Filter>
    </ClInclude>
    <ClInclude Include="Source\External\MathGeoLib\include\Algorithm\Random\LCG.h">
      <Filter>Files\MathGeoLib\Algorithm\Random</Filter>
    </ClInclude>
    <ClInclude Include="Source\External\parson\parson.h">
      <Filter>Files\Parson</Filter>
    </ClInclude>
    <ClInclude Include="Source\ModuleScene.h">
      <Filter>Files\Modules</Filter>
    </ClInclude>
    <ClInclude Include="Source\ModuleEditor.h">
      <Filter>Files\Modules</Filter>
    </ClInclude>
    <ClInclude Include="Source\ModuleImport.h">
      <Filter>Files\Modules</Filter>
    </ClInclude>
    <ClInclude Include="Source\MeshData.h">
      <Filter>Files\Resources</Filter>
    </ClInclude>
    <ClInclude Include="Source\ModelData.h">
      <Filter>Files\Resources</Filter>
    </ClInclude>
    <ClInclude Include="Source\MaterialData.h">
      <Filter>Files\Resources</Filter>
    </ClInclude>
    <ClInclude Include="Source\CMaterial.h">
      <Filter>Files\GameObjects\Propierties</Filter>
    </ClInclude>
    <ClInclude Include="Source\CMeshes.h">
      <Filter>Files\GameObjects\Propierties</Filter>
    </ClInclude>
    <ClInclude Include="Source\CTransform.h">
      <Filter>Files\GameObjects\Propierties</Filter>
    </ClInclude>
    <ClInclude Include="Source\Component.h">
      <Filter>Files\GameObjects</Filter>
    </ClInclude>
    <ClInclude Include="Source\GameObject.h">
      <Filter>Files\GameObjects</Filter>
    </ClInclude>
    <ClInclude Include="Source\Color.h">
      <Filter>Files\Tools</Filter>
    </ClInclude>
    <ClInclude Include="Source\glmath.h">
      <Filter>Files\Tools</Filter>
    </ClInclude>
    <ClInclude Include="Source\Globals.h">
      <Filter>Files\Tools</Filter>
    </ClInclude>
    <ClInclude Include="Source\Light.h">
      <Filter>Files\Tools</Filter>
    </ClInclude>
    <ClInclude Include="Source\Primitive.h">
      <Filter>Files\Tools</Filter>
    </ClInclude>
    <ClInclude Include="Source\Timer.h">
      <Filter>Files\Tools</Filter>
    </ClInclude>
  </ItemGroup>
  <ItemGroup>
    <None Include="Source\External\MathGeoLib\include\Math\Matrix.inl">
      <Filter>Files\MathGeoLib\Math</Filter>
    </None>
    <None Include="Source\External\MathGeoLib\include\Geometry\QuadTree.inl">
      <Filter>Files\MathGeoLib\Geometry</Filter>
    </None>
    <None Include="Source\External\MathGeoLib\include\Geometry\TriangleMesh_IntersectRay_AVX.inl">
      <Filter>Files\MathGeoLib\Geometry</Filter>
    </None>
    <None Include="Source\External\MathGeoLib\include\Geometry\TriangleMesh_IntersectRay_CPP.inl">
      <Filter>Files\MathGeoLib\Geometry</Filter>
    </None>
    <None Include="Source\External\MathGeoLib\include\Geometry\TriangleMesh_IntersectRay_SSE.inl">
      <Filter>Files\MathGeoLib\Geometry</Filter>
    </None>
    <None Include="Source\External\MathGeoLib\include\Geometry\KDTree.inl">
      <Filter>Files\MathGeoLib\Geometry</Filter>
    </None>
  </ItemGroup>
</Project>