<?xml version="1.0" encoding="utf-8"?>
<Project ToolsVersion="4.0" xmlns="http://schemas.microsoft.com/developer/msbuild/2003">
  <ItemGroup>
    <Filter Include="Files">
      <UniqueIdentifier>{91667685-0d1a-4b56-bc72-0ac751258b37}</UniqueIdentifier>
    </Filter>
    <Filter Include="Files\Modules">
      <UniqueIdentifier>{e6e538f0-f470-43c7-8c69-7e98d0d62064}</UniqueIdentifier>
    </Filter>
    <Filter Include="Files\ImGUI">
      <UniqueIdentifier>{ec5f6167-532a-4045-9703-3c55f0cdcae2}</UniqueIdentifier>
    </Filter>
    <Filter Include="Files\MathGeoLib">
      <UniqueIdentifier>{fbe6e5a1-92b5-4e96-9544-3360dfb6c973}</UniqueIdentifier>
    </Filter>
  </ItemGroup>
  <ItemGroup>
    <ClCompile Include="Source\log.cpp">
      <Filter>Files</Filter>
    </ClCompile>
    <ClCompile Include="Source\Main.cpp">
      <Filter>Files</Filter>
    </ClCompile>
    <ClCompile Include="Source\Primitive.cpp">
      <Filter>Files</Filter>
    </ClCompile>
    <ClCompile Include="Source\Timer.cpp">
      <Filter>Files</Filter>
    </ClCompile>
    <ClCompile Include="Source\Color.cpp">
      <Filter>Files</Filter>
    </ClCompile>
    <ClCompile Include="Source\glmath.cpp">
      <Filter>Files</Filter>
    </ClCompile>
    <ClCompile Include="Source\Light.cpp">
      <Filter>Files</Filter>
    </ClCompile>
    <ClCompile Include="Source\Application.cpp">
      <Filter>Files\Modules</Filter>
    </ClCompile>
    <ClCompile Include="Source\ModuleCamera3D.cpp">
      <Filter>Files\Modules</Filter>
    </ClCompile>
    <ClCompile Include="Source\ModuleInput.cpp">
      <Filter>Files\Modules</Filter>
    </ClCompile>
    <ClCompile Include="Source\ModulePhysics3D.cpp">
      <Filter>Files\Modules</Filter>
    </ClCompile>
    <ClCompile Include="Source\ModuleRenderer3D.cpp">
      <Filter>Files\Modules</Filter>
    </ClCompile>
    <ClCompile Include="Source\ModuleSceneIntro.cpp">
      <Filter>Files\Modules</Filter>
    </ClCompile>
    <ClCompile Include="Source\ModuleWindow.cpp">
      <Filter>Files\Modules</Filter>
    </ClCompile>
    <ClCompile Include="Source\External\ImGui\imgui.cpp">
      <Filter>Files\ImGUI</Filter>
    </ClCompile>
    <ClCompile Include="Source\External\ImGui\imgui_demo.cpp">
      <Filter>Files\ImGUI</Filter>
    </ClCompile>
    <ClCompile Include="Source\External\ImGui\imgui_draw.cpp">
      <Filter>Files\ImGUI</Filter>
    </ClCompile>
    <ClCompile Include="Source\External\ImGui\imgui_impl_opengl3.cpp">
      <Filter>Files\ImGUI</Filter>
    </ClCompile>
    <ClCompile Include="Source\External\ImGui\imgui_impl_sdl.cpp">
      <Filter>Files\ImGUI</Filter>
    </ClCompile>
    <ClCompile Include="Source\External\ImGui\imgui_tables.cpp">
      <Filter>Files\ImGUI</Filter>
    </ClCompile>
    <ClCompile Include="Source\External\ImGui\imgui_widgets.cpp">
      <Filter>Files\ImGUI</Filter>
    </ClCompile>
    <ClCompile Include="Source\ModuleImGui.cpp">
      <Filter>Files\Modules</Filter>
    </ClCompile>
  </ItemGroup>
  <ItemGroup>
    <ClInclude Include="Source\p2DynArray.h">
      <Filter>Files</Filter>
    </ClInclude>
    <ClInclude Include="Source\p2List.h">
      <Filter>Files</Filter>
    </ClInclude>
    <ClInclude Include="Source\p2Point.h">
      <Filter>Files</Filter>
    </ClInclude>
    <ClInclude Include="Source\Primitive.h">
      <Filter>Files</Filter>
    </ClInclude>
    <ClInclude Include="Source\Timer.h">
      <Filter>Files</Filter>
    </ClInclude>
    <ClInclude Include="Source\Color.h">
      <Filter>Files</Filter>
    </ClInclude>
    <ClInclude Include="Source\glmath.h">
      <Filter>Files</Filter>
    </ClInclude>
    <ClInclude Include="Source\Globals.h">
      <Filter>Files</Filter>
    </ClInclude>
    <ClInclude Include="Source\Light.h">
      <Filter>Files</Filter>
    </ClInclude>
    <ClInclude Include="Source\Application.h">
      <Filter>Files\Modules</Filter>
    </ClInclude>
    <ClInclude Include="Source\Module.h">
      <Filter>Files\Modules</Filter>
    </ClInclude>
    <ClInclude Include="Source\ModuleCamera3D.h">
      <Filter>Files\Modules</Filter>
    </ClInclude>
    <ClInclude Include="Source\ModuleInput.h">
      <Filter>Files\Modules</Filter>
    </ClInclude>
    <ClInclude Include="Source\ModulePhysics3D.h">
      <Filter>Files\Modules</Filter>
    </ClInclude>
    <ClInclude Include="Source\ModuleRenderer3D.h">
      <Filter>Files\Modules</Filter>
    </ClInclude>
    <ClInclude Include="Source\ModuleSceneIntro.h">
      <Filter>Files\Modules</Filter>
    </ClInclude>
    <ClInclude Include="Source\ModuleWindow.h">
      <Filter>Files\Modules</Filter>
    </ClInclude>
    <ClInclude Include="Source\External\ImGui\imconfig.h">
      <Filter>Files\ImGUI</Filter>
    </ClInclude>
    <ClInclude Include="Source\External\ImGui\imgui.h">
      <Filter>Files\ImGUI</Filter>
    </ClInclude>
    <ClInclude Include="Source\External\ImGui\imgui_impl_opengl3.h">
      <Filter>Files\ImGUI</Filter>
    </ClInclude>
    <ClInclude Include="Source\External\ImGui\imgui_impl_opengl3_loader.h">
      <Filter>Files\ImGUI</Filter>
    </ClInclude>
    <ClInclude Include="Source\External\ImGui\imgui_impl_sdl.h">
      <Filter>Files\ImGUI</Filter>
    </ClInclude>
    <ClInclude Include="Source\External\ImGui\imgui_internal.h">
      <Filter>Files\ImGUI</Filter>
    </ClInclude>
    <ClInclude Include="Source\External\ImGui\imstb_rectpack.h">
      <Filter>Files\ImGUI</Filter>
    </ClInclude>
    <ClInclude Include="Source\External\ImGui\imstb_textedit.h">
      <Filter>Files\ImGUI</Filter>
    </ClInclude>
    <ClInclude Include="Source\External\ImGui\imstb_truetype.h">
      <Filter>Files\ImGUI</Filter>
    </ClInclude>
    <ClInclude Include="Source\ModuleImGui.h">
      <Filter>Files\Modules</Filter>
    </ClInclude>
    <ClInclude Include="Source\External\MathGeoLib\include\Algorithm\Random\LCG.h">
      <Filter>Files\MathGeoLib</Filter>
    </ClInclude>
  </ItemGroup>
</Project>